
Microsoft Visual Studio Solution File, Format Version 12.00
# Visual Studio Version 16
VisualStudioVersion = 16.0.29509.3
MinimumVisualStudioVersion = 10.0.40219.1
Project("{FAE04EC0-301F-11D3-BF4B-00C04F79EFBC}") = "SocketServer", "SocketServer\SocketServer.csproj", "{7156C56E-2CBF-4689-AD76-BF4D45697324}"
EndProject
Project("{FAE04EC0-301F-11D3-BF4B-00C04F79EFBC}") = "SocketClient", "SocketClient\SocketClient.csproj", "{A6A163DC-5071-4036-B9DA-489C7616BC87}"
EndProject
Global
	GlobalSection(SolutionConfigurationPlatforms) = preSolution
		Debug|Any CPU = Debug|Any CPU
		Release|Any CPU = Release|Any CPU
	EndGlobalSection
	GlobalSection(ProjectConfigurationPlatforms) = postSolution
		{7156C56E-2CBF-4689-AD76-BF4D45697324}.Debug|Any CPU.ActiveCfg = Debug|Any CPU
		{7156C56E-2CBF-4689-AD76-BF4D45697324}.Debug|Any CPU.Build.0 = Debug|Any CPU
		{7156C56E-2CBF-4689-AD76-BF4D45697324}.Release|Any CPU.ActiveCfg = Release|Any CPU
		{7156C56E-2CBF-4689-AD76-BF4D45697324}.Release|Any CPU.Build.0 = Release|Any CPU
		{A6A163DC-5071-4036-B9DA-489C7616BC87}.Debug|Any CPU.ActiveCfg = Debug|Any CPU
		{A6A163DC-5071-4036-B9DA-489C7616BC87}.Debug|Any CPU.Build.0 = Debug|Any CPU
		{A6A163DC-5071-4036-B9DA-489C7616BC87}.Release|Any CPU.ActiveCfg = Release|Any CPU
		{A6A163DC-5071-4036-B9DA-489C7616BC87}.Release|Any CPU.Build.0 = Release|Any CPU
	EndGlobalSection
	GlobalSection(SolutionProperties) = preSolution
		HideSolutionNode = FALSE
	EndGlobalSection
	GlobalSection(ExtensibilityGlobals) = postSolution
		SolutionGuid = {DEBC7410-9736-43F8-B288-EF2B91BDC8B4}
	EndGlobalSection
EndGlobal
